
Microsoft Visual Studio Solution File, Format Version 12.00
# Visual Studio Version 17
VisualStudioVersion = 17.14.36804.6 d17.14
MinimumVisualStudioVersion = 10.0.40219.1
Project("{FAE04EC0-301F-11D3-BF4B-00C04F79EFBC}") = "StockMind", "StockMind\StockMind.csproj", "{02BE9DDC-0B1E-45E8-AA4B-81D082659D10}"
EndProject
Global
	GlobalSection(SolutionConfigurationPlatforms) = preSolution
		Debug|Any CPU = Debug|Any CPU
		Release|Any CPU = Release|Any CPU
	EndGlobalSection
	GlobalSection(ProjectConfigurationPlatforms) = postSolution
		{02BE9DDC-0B1E-45E8-AA4B-81D082659D10}.Debug|Any CPU.ActiveCfg = Debug|Any CPU
		{02BE9DDC-0B1E-45E8-AA4B-81D082659D10}.Debug|Any CPU.Build.0 = Debug|Any CPU
		{02BE9DDC-0B1E-45E8-AA4B-81D082659D10}.Release|Any CPU.ActiveCfg = Release|Any CPU
		{02BE9DDC-0B1E-45E8-AA4B-81D082659D10}.Release|Any CPU.Build.0 = Release|Any CPU
	EndGlobalSection
	GlobalSection(SolutionProperties) = preSolution
		HideSolutionNode = FALSE
	EndGlobalSection
	GlobalSection(ExtensibilityGlobals) = postSolution
		SolutionGuid = {229A1A1A-77E9-4BCB-927E-949B2E38F663}
	EndGlobalSection
EndGlobal
